
Microsoft Visual Studio Solution File, Format Version 12.00
# Visual Studio 2015
Project("{FAE04EC0-301F-11D3-BF4B-00C04F79EFBC}") = "PRGBlackLight.Plugins", "PRGBlackLight.Plugins.csproj", "{52851FF6-D807-A49A-E66C-7BA68666A07D}"
EndProject
Project("{FAE04EC0-301F-11D3-BF4B-00C04F79EFBC}") = "PRGBlackLight", "PRGBlackLight.csproj", "{BA189841-775B-7A6C-7260-EA0DEA0B674F}"
EndProject
Project("{FAE04EC0-301F-11D3-BF4B-00C04F79EFBC}") = "PRGBlackLight.Editor", "PRGBlackLight.Editor.csproj", "{EF3FA733-C85E-FC67-F711-8B862D80A856}"
EndProject
Global
	GlobalSection(SolutionConfigurationPlatforms) = preSolution
		Debug|Any CPU = Debug|Any CPU
		Release|Any CPU = Release|Any CPU
	EndGlobalSection
	GlobalSection(ProjectConfigurationPlatforms) = postSolution
		{52851FF6-D807-A49A-E66C-7BA68666A07D}.Debug|Any CPU.ActiveCfg = Debug|Any CPU
		{52851FF6-D807-A49A-E66C-7BA68666A07D}.Debug|Any CPU.Build.0 = Debug|Any CPU
		{52851FF6-D807-A49A-E66C-7BA68666A07D}.Release|Any CPU.ActiveCfg = Release|Any CPU
		{52851FF6-D807-A49A-E66C-7BA68666A07D}.Release|Any CPU.Build.0 = Release|Any CPU
		{BA189841-775B-7A6C-7260-EA0DEA0B674F}.Debug|Any CPU.ActiveCfg = Debug|Any CPU
		{BA189841-775B-7A6C-7260-EA0DEA0B674F}.Debug|Any CPU.Build.0 = Debug|Any CPU
		{BA189841-775B-7A6C-7260-EA0DEA0B674F}.Release|Any CPU.ActiveCfg = Release|Any CPU
		{BA189841-775B-7A6C-7260-EA0DEA0B674F}.Release|Any CPU.Build.0 = Release|Any CPU
		{EF3FA733-C85E-FC67-F711-8B862D80A856}.Debug|Any CPU.ActiveCfg = Debug|Any CPU
		{EF3FA733-C85E-FC67-F711-8B862D80A856}.Debug|Any CPU.Build.0 = Debug|Any CPU
		{EF3FA733-C85E-FC67-F711-8B862D80A856}.Release|Any CPU.ActiveCfg = Release|Any CPU
		{EF3FA733-C85E-FC67-F711-8B862D80A856}.Release|Any CPU.Build.0 = Release|Any CPU
	EndGlobalSection
	GlobalSection(SolutionProperties) = preSolution
		HideSolutionNode = FALSE
	EndGlobalSection
EndGlobal
